
Microsoft Visual Studio Solution File, Format Version 12.00
# Visual Studio Version 17
VisualStudioVersion = 17.4.33213.308
MinimumVisualStudioVersion = 10.0.40219.1
Project("{FAE04EC0-301F-11D3-BF4B-00C04F79EFBC}") = "Many_to_many_Relation", "Many_to_many_Relation.csproj", "{CDC892C2-F399-4679-8012-D8844B4D271A}"
EndProject
Global
	GlobalSection(SolutionConfigurationPlatforms) = preSolution
		Debug|Any CPU = Debug|Any CPU
		Release|Any CPU = Release|Any CPU
	EndGlobalSection
	GlobalSection(ProjectConfigurationPlatforms) = postSolution
		{CDC892C2-F399-4679-8012-D8844B4D271A}.Debug|Any CPU.ActiveCfg = Debug|Any CPU
		{CDC892C2-F399-4679-8012-D8844B4D271A}.Debug|Any CPU.Build.0 = Debug|Any CPU
		{CDC892C2-F399-4679-8012-D8844B4D271A}.Release|Any CPU.ActiveCfg = Release|Any CPU
		{CDC892C2-F399-4679-8012-D8844B4D271A}.Release|Any CPU.Build.0 = Release|Any CPU
	EndGlobalSection
	GlobalSection(SolutionProperties) = preSolution
		HideSolutionNode = FALSE
	EndGlobalSection
	GlobalSection(ExtensibilityGlobals) = postSolution
		SolutionGuid = {C7725267-B669-4EB4-84F4-975E2BBC95DB}
	EndGlobalSection
EndGlobal
